
Microsoft Visual Studio Solution File, Format Version 12.00
# Visual Studio Version 17
VisualStudioVersion = 17.4.33205.214
MinimumVisualStudioVersion = 10.0.40219.1
Project("{FAE04EC0-301F-11D3-BF4B-00C04F79EFBC}") = "scrumvoting", "scrumvoting\scrumvoting.csproj", "{43700078-C96E-4BFD-BB0D-5C88CFF55553}"
EndProject
Global
	GlobalSection(SolutionConfigurationPlatforms) = preSolution
		Debug|Any CPU = Debug|Any CPU
		Release|Any CPU = Release|Any CPU
	EndGlobalSection
	GlobalSection(ProjectConfigurationPlatforms) = postSolution
		{43700078-C96E-4BFD-BB0D-5C88CFF55553}.Debug|Any CPU.ActiveCfg = Debug|Any CPU
		{43700078-C96E-4BFD-BB0D-5C88CFF55553}.Debug|Any CPU.Build.0 = Debug|Any CPU
		{43700078-C96E-4BFD-BB0D-5C88CFF55553}.Release|Any CPU.ActiveCfg = Release|Any CPU
		{43700078-C96E-4BFD-BB0D-5C88CFF55553}.Release|Any CPU.Build.0 = Release|Any CPU
	EndGlobalSection
	GlobalSection(SolutionProperties) = preSolution
		HideSolutionNode = FALSE
	EndGlobalSection
	GlobalSection(ExtensibilityGlobals) = postSolution
		SolutionGuid = {A59FEAA1-4157-4E5F-B0F1-3E3E5776FD5C}
	EndGlobalSection
EndGlobal
